# THIS IS AN AUTOGENERATED FILE. DO NOT EDIT THIS FILE DIRECTLY.
# yarn lockfile v1


vue-i18n@^8.20.0:
  version "8.26.7"
  resolved "https://registry.yarnpkg.com/vue-i18n/-/vue-i18n-8.26.7.tgz#adfd48373449fe31438c48e3b3bd43044dc3a681"
  integrity sha512-7apa5PvRg1YCLoraE3lOgpCG8hJGupLCtywQWedWsgBbvF0TOgFvhitqK9xRH0PBGG1G8aiJz9oklyNDFfDxLg==
